
Microsoft Visual Studio Solution File, Format Version 12.00
# Visual Studio Version 17
VisualStudioVersion = 17.0.32014.148
MinimumVisualStudioVersion = 10.0.40219.1
Project("{9A19103F-16F7-4668-BE54-9A1E7A4F7556}") = "classIntro", "..\CampRepos\classIntro\classIntro.csproj", "{C921C2E4-3A4C-4595-B49A-88F3788D813F}"
EndProject
Project("{9A19103F-16F7-4668-BE54-9A1E7A4F7556}") = "ClassMetotDemo", "..\CampRepos\ClassMetotDemo\ClassMetotDemo.csproj", "{5E84EF88-BC13-4ADE-9D0F-4075D32E20BB}"
EndProject
Project("{9A19103F-16F7-4668-BE54-9A1E7A4F7556}") = "Collections", "..\CampRepos\Collections\Collections.csproj", "{2F2B8B6E-D110-4784-837A-BA50479FEEFA}"
EndProject
Project("{9A19103F-16F7-4668-BE54-9A1E7A4F7556}") = "DegerVeReferansTipler", "..\CampRepos\DegerVeReferansTipler\DegerVeReferansTipler.csproj", "{F792D29E-465D-4627-82A3-F9A2F0E242DF}"
EndProject
Project("{9A19103F-16F7-4668-BE54-9A1E7A4F7556}") = "GenericInfo", "..\CampRepos\GenericInfo\GenericInfo.csproj", "{6C1E38E9-C22B-44B8-BEE2-920FB04B2EF2}"
EndProject
Project("{9A19103F-16F7-4668-BE54-9A1E7A4F7556}") = "metotlar", "..\CampRepos\metotlar\metotlar.csproj", "{1C77C45A-55D1-4844-AA37-5D12EC45B27D}"
EndProject
Project("{9A19103F-16F7-4668-BE54-9A1E7A4F7556}") = "OOP1", "..\CampRepos\OOP1\OOP1.csproj", "{AA8A4BEC-2953-429B-A664-45A340C88F63}"
EndProject
Project("{FAE04EC0-301F-11D3-BF4B-00C04F79EFBC}") = "Encapsullationn", "Encapsullationn\Encapsullationn.csproj", "{068F1A0E-1031-48C2-ABAC-71E3F4C7FE1C}"
EndProject
Project("{FAE04EC0-301F-11D3-BF4B-00C04F79EFBC}") = "OOP2_Inheritance", "OOP2\OOP2_Inheritance.csproj", "{46B55B7C-E091-481B-9387-E6A46C4743F3}"
EndProject
Project("{FAE04EC0-301F-11D3-BF4B-00C04F79EFBC}") = "OOP3_Interface_Logger", "OOP3\OOP3_Interface_Logger.csproj", "{CB7CFF32-A49C-478A-A560-9367CBB40533}"
EndProject
Project("{FAE04EC0-301F-11D3-BF4B-00C04F79EFBC}") = "GameSimulasyon", "GameSimulasyon\GameSimulasyon.csproj", "{775A8A05-5B97-460B-9D5B-D170FFA8EE18}"
EndProject
Project("{FAE04EC0-301F-11D3-BF4B-00C04F79EFBC}") = "CafeSimulasyon", "CafeSimulasyon\CafeSimulasyon.csproj", "{D24ADB54-1E6A-4F34-8CCE-3D5F8F78BD54}"
EndProject
Project("{FAE04EC0-301F-11D3-BF4B-00C04F79EFBC}") = "PersonelProject", "PersonelProject\PersonelProject.csproj", "{82E972B9-CE7F-4A16-9E20-7A157AD217C4}"
EndProject
Project("{FAE04EC0-301F-11D3-BF4B-00C04F79EFBC}") = "Abstract", "Abstract\Abstract.csproj", "{E209186F-2981-4A90-AB05-74DFB654BDD7}"
EndProject
Project("{FAE04EC0-301F-11D3-BF4B-00C04F79EFBC}") = "Interfaces", "Interfaces\Interfaces.csproj", "{37DFD0BA-2FDD-4C68-949A-8440ECF8748F}"
EndProject
Project("{FAE04EC0-301F-11D3-BF4B-00C04F79EFBC}") = "VirtualAndOverride", "VirtualAndOverride\VirtualAndOverride.csproj", "{51A59DC8-8FAE-4BC0-B76D-B635340A8FED}"
EndProject
Global
	GlobalSection(SolutionConfigurationPlatforms) = preSolution
		Debug|Any CPU = Debug|Any CPU
		Release|Any CPU = Release|Any CPU
	EndGlobalSection
	GlobalSection(ProjectConfigurationPlatforms) = postSolution
		{C921C2E4-3A4C-4595-B49A-88F3788D813F}.Debug|Any CPU.ActiveCfg = Debug|Any CPU
		{C921C2E4-3A4C-4595-B49A-88F3788D813F}.Debug|Any CPU.Build.0 = Debug|Any CPU
		{C921C2E4-3A4C-4595-B49A-88F3788D813F}.Release|Any CPU.ActiveCfg = Release|Any CPU
		{C921C2E4-3A4C-4595-B49A-88F3788D813F}.Release|Any CPU.Build.0 = Release|Any CPU
		{5E84EF88-BC13-4ADE-9D0F-4075D32E20BB}.Debug|Any CPU.ActiveCfg = Debug|Any CPU
		{5E84EF88-BC13-4ADE-9D0F-4075D32E20BB}.Debug|Any CPU.Build.0 = Debug|Any CPU
		{5E84EF88-BC13-4ADE-9D0F-4075D32E20BB}.Release|Any CPU.ActiveCfg = Release|Any CPU
		{5E84EF88-BC13-4ADE-9D0F-4075D32E20BB}.Release|Any CPU.Build.0 = Release|Any CPU
		{2F2B8B6E-D110-4784-837A-BA50479FEEFA}.Debug|Any CPU.ActiveCfg = Debug|Any CPU
		{2F2B8B6E-D110-4784-837A-BA50479FEEFA}.Debug|Any CPU.Build.0 = Debug|Any CPU
		{2F2B8B6E-D110-4784-837A-BA50479FEEFA}.Release|Any CPU.ActiveCfg = Release|Any CPU
		{2F2B8B6E-D110-4784-837A-BA50479FEEFA}.Release|Any CPU.Build.0 = Release|Any CPU
		{F792D29E-465D-4627-82A3-F9A2F0E242DF}.Debug|Any CPU.ActiveCfg = Debug|Any CPU
		{F792D29E-465D-4627-82A3-F9A2F0E242DF}.Debug|Any CPU.Build.0 = Debug|Any CPU
		{F792D29E-465D-4627-82A3-F9A2F0E242DF}.Release|Any CPU.ActiveCfg = Release|Any CPU
		{F792D29E-465D-4627-82A3-F9A2F0E242DF}.Release|Any CPU.Build.0 = Release|Any CPU
		{6C1E38E9-C22B-44B8-BEE2-920FB04B2EF2}.Debug|Any CPU.ActiveCfg = Debug|Any CPU
		{6C1E38E9-C22B-44B8-BEE2-920FB04B2EF2}.Debug|Any CPU.Build.0 = Debug|Any CPU
		{6C1E38E9-C22B-44B8-BEE2-920FB04B2EF2}.Release|Any CPU.ActiveCfg = Release|Any CPU
		{6C1E38E9-C22B-44B8-BEE2-920FB04B2EF2}.Release|Any CPU.Build.0 = Release|Any CPU
		{1C77C45A-55D1-4844-AA37-5D12EC45B27D}.Debug|Any CPU.ActiveCfg = Debug|Any CPU
		{1C77C45A-55D1-4844-AA37-5D12EC45B27D}.Debug|Any CPU.Build.0 = Debug|Any CPU
		{1C77C45A-55D1-4844-AA37-5D12EC45B27D}.Release|Any CPU.ActiveCfg = Release|Any CPU
		{1C77C45A-55D1-4844-AA37-5D12EC45B27D}.Release|Any CPU.Build.0 = Release|Any CPU
		{AA8A4BEC-2953-429B-A664-45A340C88F63}.Debug|Any CPU.ActiveCfg = Debug|Any CPU
		{AA8A4BEC-2953-429B-A664-45A340C88F63}.Debug|Any CPU.Build.0 = Debug|Any CPU
		{AA8A4BEC-2953-429B-A664-45A340C88F63}.Release|Any CPU.ActiveCfg = Release|Any CPU
		{AA8A4BEC-2953-429B-A664-45A340C88F63}.Release|Any CPU.Build.0 = Release|Any CPU
		{068F1A0E-1031-48C2-ABAC-71E3F4C7FE1C}.Debug|Any CPU.ActiveCfg = Debug|Any CPU
		{068F1A0E-1031-48C2-ABAC-71E3F4C7FE1C}.Debug|Any CPU.Build.0 = Debug|Any CPU
		{068F1A0E-1031-48C2-ABAC-71E3F4C7FE1C}.Release|Any CPU.ActiveCfg = Release|Any CPU
		{068F1A0E-1031-48C2-ABAC-71E3F4C7FE1C}.Release|Any CPU.Build.0 = Release|Any CPU
		{46B55B7C-E091-481B-9387-E6A46C4743F3}.Debug|Any CPU.ActiveCfg = Debug|Any CPU
		{46B55B7C-E091-481B-9387-E6A46C4743F3}.Debug|Any CPU.Build.0 = Debug|Any CPU
		{46B55B7C-E091-481B-9387-E6A46C4743F3}.Release|Any CPU.ActiveCfg = Release|Any CPU
		{46B55B7C-E091-481B-9387-E6A46C4743F3}.Release|Any CPU.Build.0 = Release|Any CPU
		{CB7CFF32-A49C-478A-A560-9367CBB40533}.Debug|Any CPU.ActiveCfg = Debug|Any CPU
		{CB7CFF32-A49C-478A-A560-9367CBB40533}.Debug|Any CPU.Build.0 = Debug|Any CPU
		{CB7CFF32-A49C-478A-A560-9367CBB40533}.Release|Any CPU.ActiveCfg = Release|Any CPU
		{CB7CFF32-A49C-478A-A560-9367CBB40533}.Release|Any CPU.Build.0 = Release|Any CPU
		{775A8A05-5B97-460B-9D5B-D170FFA8EE18}.Debug|Any CPU.ActiveCfg = Debug|Any CPU
		{775A8A05-5B97-460B-9D5B-D170FFA8EE18}.Debug|Any CPU.Build.0 = Debug|Any CPU
		{775A8A05-5B97-460B-9D5B-D170FFA8EE18}.Release|Any CPU.ActiveCfg = Release|Any CPU
		{775A8A05-5B97-460B-9D5B-D170FFA8EE18}.Release|Any CPU.Build.0 = Release|Any CPU
		{D24ADB54-1E6A-4F34-8CCE-3D5F8F78BD54}.Debug|Any CPU.ActiveCfg = Debug|Any CPU
		{D24ADB54-1E6A-4F34-8CCE-3D5F8F78BD54}.Debug|Any CPU.Build.0 = Debug|Any CPU
		{D24ADB54-1E6A-4F34-8CCE-3D5F8F78BD54}.Release|Any CPU.ActiveCfg = Release|Any CPU
		{D24ADB54-1E6A-4F34-8CCE-3D5F8F78BD54}.Release|Any CPU.Build.0 = Release|Any CPU
		{82E972B9-CE7F-4A16-9E20-7A157AD217C4}.Debug|Any CPU.ActiveCfg = Debug|Any CPU
		{82E972B9-CE7F-4A16-9E20-7A157AD217C4}.Debug|Any CPU.Build.0 = Debug|Any CPU
		{82E972B9-CE7F-4A16-9E20-7A157AD217C4}.Release|Any CPU.ActiveCfg = Release|Any CPU
		{82E972B9-CE7F-4A16-9E20-7A157AD217C4}.Release|Any CPU.Build.0 = Release|Any CPU
		{E209186F-2981-4A90-AB05-74DFB654BDD7}.Debug|Any CPU.ActiveCfg = Debug|Any CPU
		{E209186F-2981-4A90-AB05-74DFB654BDD7}.Debug|Any CPU.Build.0 = Debug|Any CPU
		{E209186F-2981-4A90-AB05-74DFB654BDD7}.Release|Any CPU.ActiveCfg = Release|Any CPU
		{E209186F-2981-4A90-AB05-74DFB654BDD7}.Release|Any CPU.Build.0 = Release|Any CPU
		{37DFD0BA-2FDD-4C68-949A-8440ECF8748F}.Debug|Any CPU.ActiveCfg = Debug|Any CPU
		{37DFD0BA-2FDD-4C68-949A-8440ECF8748F}.Debug|Any CPU.Build.0 = Debug|Any CPU
		{37DFD0BA-2FDD-4C68-949A-8440ECF8748F}.Release|Any CPU.ActiveCfg = Release|Any CPU
		{37DFD0BA-2FDD-4C68-949A-8440ECF8748F}.Release|Any CPU.Build.0 = Release|Any CPU
		{51A59DC8-8FAE-4BC0-B76D-B635340A8FED}.Debug|Any CPU.ActiveCfg = Debug|Any CPU
		{51A59DC8-8FAE-4BC0-B76D-B635340A8FED}.Debug|Any CPU.Build.0 = Debug|Any CPU
		{51A59DC8-8FAE-4BC0-B76D-B635340A8FED}.Release|Any CPU.ActiveCfg = Release|Any CPU
		{51A59DC8-8FAE-4BC0-B76D-B635340A8FED}.Release|Any CPU.Build.0 = Release|Any CPU
	EndGlobalSection
	GlobalSection(SolutionProperties) = preSolution
		HideSolutionNode = FALSE
	EndGlobalSection
	GlobalSection(ExtensibilityGlobals) = postSolution
		SolutionGuid = {495E451D-DCA3-4CDC-B541-C8A6BBA770FE}
	EndGlobalSection
EndGlobal
